// !$*UTF8*$!
{
	archiveVersion = 1;
	classes = {
	};
	objectVersion = 55;
	objects = {

/* Begin PBXBuildFile section */
		74135163298A3E47003AE97D /* RegisterView.swift in Sources */ = {isa = PBXBuildFile; fileRef = 74135162298A3E47003AE97D /* RegisterView.swift */; };
		7417096C2994EDD1002B2CF0 /* Users.swift in Sources */ = {isa = PBXBuildFile; fileRef = 7417096B2994EDD1002B2CF0 /* Users.swift */; };
		7417096F299D5952002B2CF0 /* UserCheck.swift in Sources */ = {isa = PBXBuildFile; fileRef = 7417096E299D5952002B2CF0 /* UserCheck.swift */; };
		74170974299D5F05002B2CF0 /* UsersMapView.swift in Sources */ = {isa = PBXBuildFile; fileRef = 74170973299D5F05002B2CF0 /* UsersMapView.swift */; };
		74170976299D6643002B2CF0 /* UsersViewModel.swift in Sources */ = {isa = PBXBuildFile; fileRef = 74170975299D6643002B2CF0 /* UsersViewModel.swift */; };
		7466C20F29A26795005F006A /* GoogleService-Info.plist in Resources */ = {isa = PBXBuildFile; fileRef = 7466C20E29A26795005F006A /* GoogleService-Info.plist */; };
		74811CD12987E3EA007CFEDE /* Family365App.swift in Sources */ = {isa = PBXBuildFile; fileRef = 74811CD02987E3EA007CFEDE /* Family365App.swift */; };
		74811CD32987E3EA007CFEDE /* LoginView.swift in Sources */ = {isa = PBXBuildFile; fileRef = 74811CD22987E3EA007CFEDE /* LoginView.swift */; };
		74811CD52987E3ED007CFEDE /* Assets.xcassets in Resources */ = {isa = PBXBuildFile; fileRef = 74811CD42987E3ED007CFEDE /* Assets.xcassets */; };
		74811CD82987E3ED007CFEDE /* Preview Assets.xcassets in Resources */ = {isa = PBXBuildFile; fileRef = 74811CD72987E3ED007CFEDE /* Preview Assets.xcassets */; };
		74811CE22987E3ED007CFEDE /* Family365Tests.swift in Sources */ = {isa = PBXBuildFile; fileRef = 74811CE12987E3ED007CFEDE /* Family365Tests.swift */; };
		74811CEC2987E3ED007CFEDE /* Family365UITests.swift in Sources */ = {isa = PBXBuildFile; fileRef = 74811CEB2987E3ED007CFEDE /* Family365UITests.swift */; };
		74811CEE2987E3ED007CFEDE /* Family365UITestsLaunchTests.swift in Sources */ = {isa = PBXBuildFile; fileRef = 74811CED2987E3ED007CFEDE /* Family365UITestsLaunchTests.swift */; };
		74E1A193298CFD8B001242F7 /* FirebaseAuth in Frameworks */ = {isa = PBXBuildFile; productRef = 74E1A192298CFD8B001242F7 /* FirebaseAuth */; };
		74E1A195298CFD8B001242F7 /* FirebaseFirestore in Frameworks */ = {isa = PBXBuildFile; productRef = 74E1A194298CFD8B001242F7 /* FirebaseFirestore */; };
		74E1A197298CFD8B001242F7 /* FirebaseStorage in Frameworks */ = {isa = PBXBuildFile; productRef = 74E1A196298CFD8B001242F7 /* FirebaseStorage */; };
		74E1A19C298D0D35001242F7 /* NavigationView.swift in Sources */ = {isa = PBXBuildFile; fileRef = 74E1A19B298D0D35001242F7 /* NavigationView.swift */; };
		74F67CCD298D458B0095D13A /* MapView.swift in Sources */ = {isa = PBXBuildFile; fileRef = 74F67CCC298D458B0095D13A /* MapView.swift */; };
		74F67CCF298D459B0095D13A /* ChatView.swift in Sources */ = {isa = PBXBuildFile; fileRef = 74F67CCE298D459B0095D13A /* ChatView.swift */; };
		74F67CD1298D45AA0095D13A /* SettingsView.swift in Sources */ = {isa = PBXBuildFile; fileRef = 74F67CD0298D45AA0095D13A /* SettingsView.swift */; };
/* End PBXBuildFile section */

/* Begin PBXContainerItemProxy section */
		74811CDE2987E3ED007CFEDE /* PBXContainerItemProxy */ = {
			isa = PBXContainerItemProxy;
			containerPortal = 74811CC52987E3EA007CFEDE /* Project object */;
			proxyType = 1;
			remoteGlobalIDString = 74811CCC2987E3EA007CFEDE;
			remoteInfo = Family365;
		};
		74811CE82987E3ED007CFEDE /* PBXContainerItemProxy */ = {
			isa = PBXContainerItemProxy;
			containerPortal = 74811CC52987E3EA007CFEDE /* Project object */;
			proxyType = 1;
			remoteGlobalIDString = 74811CCC2987E3EA007CFEDE;
			remoteInfo = Family365;
		};
/* End PBXContainerItemProxy section */

/* Begin PBXFileReference section */
		74135162298A3E47003AE97D /* RegisterView.swift */ = {isa = PBXFileReference; lastKnownFileType = sourcecode.swift; path = RegisterView.swift; sourceTree = "<group>"; };
		7417096B2994EDD1002B2CF0 /* Users.swift */ = {isa = PBXFileReference; lastKnownFileType = sourcecode.swift; path = Users.swift; sourceTree = "<group>"; };
		7417096E299D5952002B2CF0 /* UserCheck.swift */ = {isa = PBXFileReference; lastKnownFileType = sourcecode.swift; path = UserCheck.swift; sourceTree = "<group>"; };
		74170973299D5F05002B2CF0 /* UsersMapView.swift */ = {isa = PBXFileReference; lastKnownFileType = sourcecode.swift; path = UsersMapView.swift; sourceTree = "<group>"; };
		74170975299D6643002B2CF0 /* UsersViewModel.swift */ = {isa = PBXFileReference; lastKnownFileType = sourcecode.swift; path = UsersViewModel.swift; sourceTree = "<group>"; };
		7466C20E29A26795005F006A /* GoogleService-Info.plist */ = {isa = PBXFileReference; fileEncoding = 4; lastKnownFileType = text.plist.xml; path = "GoogleService-Info.plist"; sourceTree = "<group>"; };
		74811CCD2987E3EA007CFEDE /* Family365.app */ = {isa = PBXFileReference; explicitFileType = wrapper.application; includeInIndex = 0; path = Family365.app; sourceTree = BUILT_PRODUCTS_DIR; };
		74811CD02987E3EA007CFEDE /* Family365App.swift */ = {isa = PBXFileReference; lastKnownFileType = sourcecode.swift; path = Family365App.swift; sourceTree = "<group>"; };
		74811CD22987E3EA007CFEDE /* LoginView.swift */ = {isa = PBXFileReference; lastKnownFileType = sourcecode.swift; path = LoginView.swift; sourceTree = "<group>"; };
		74811CD42987E3ED007CFEDE /* Assets.xcassets */ = {isa = PBXFileReference; lastKnownFileType = folder.assetcatalog; path = Assets.xcassets; sourceTree = "<group>"; };
		74811CD72987E3ED007CFEDE /* Preview Assets.xcassets */ = {isa = PBXFileReference; lastKnownFileType = folder.assetcatalog; path = "Preview Assets.xcassets"; sourceTree = "<group>"; };
		74811CDD2987E3ED007CFEDE /* Family365Tests.xctest */ = {isa = PBXFileReference; explicitFileType = wrapper.cfbundle; includeInIndex = 0; path = Family365Tests.xctest; sourceTree = BUILT_PRODUCTS_DIR; };
		74811CE12987E3ED007CFEDE /* Family365Tests.swift */ = {isa = PBXFileReference; lastKnownFileType = sourcecode.swift; path = Family365Tests.swift; sourceTree = "<group>"; };
		74811CE72987E3ED007CFEDE /* Family365UITests.xctest */ = {isa = PBXFileReference; explicitFileType = wrapper.cfbundle; includeInIndex = 0; path = Family365UITests.xctest; sourceTree = BUILT_PRODUCTS_DIR; };
		74811CEB2987E3ED007CFEDE /* Family365UITests.swift */ = {isa = PBXFileReference; lastKnownFileType = sourcecode.swift; path = Family365UITests.swift; sourceTree = "<group>"; };
		74811CED2987E3ED007CFEDE /* Family365UITestsLaunchTests.swift */ = {isa = PBXFileReference; lastKnownFileType = sourcecode.swift; path = Family365UITestsLaunchTests.swift; sourceTree = "<group>"; };
		74E1A19B298D0D35001242F7 /* NavigationView.swift */ = {isa = PBXFileReference; lastKnownFileType = sourcecode.swift; path = NavigationView.swift; sourceTree = "<group>"; };
		74F67CCC298D458B0095D13A /* MapView.swift */ = {isa = PBXFileReference; lastKnownFileType = sourcecode.swift; path = MapView.swift; sourceTree = "<group>"; };
		74F67CCE298D459B0095D13A /* ChatView.swift */ = {isa = PBXFileReference; lastKnownFileType = sourcecode.swift; path = ChatView.swift; sourceTree = "<group>"; };
		74F67CD0298D45AA0095D13A /* SettingsView.swift */ = {isa = PBXFileReference; lastKnownFileType = sourcecode.swift; path = SettingsView.swift; sourceTree = "<group>"; };
/* End PBXFileReference section */

/* Begin PBXFrameworksBuildPhase section */
		74811CCA2987E3EA007CFEDE /* Frameworks */ = {
			isa = PBXFrameworksBuildPhase;
			buildActionMask = 2147483647;
			files = (
				74E1A193298CFD8B001242F7 /* FirebaseAuth in Frameworks */,
				74E1A195298CFD8B001242F7 /* FirebaseFirestore in Frameworks */,
				74E1A197298CFD8B001242F7 /* FirebaseStorage in Frameworks */,
			);
			runOnlyForDeploymentPostprocessing = 0;
		};
		74811CDA2987E3ED007CFEDE /* Frameworks */ = {
			isa = PBXFrameworksBuildPhase;
			buildActionMask = 2147483647;
			files = (
			);
			runOnlyForDeploymentPostprocessing = 0;
		};
		74811CE42987E3ED007CFEDE /* Frameworks */ = {
			isa = PBXFrameworksBuildPhase;
			buildActionMask = 2147483647;
			files = (
			);
			runOnlyForDeploymentPostprocessing = 0;
		};
/* End PBXFrameworksBuildPhase section */

/* Begin PBXGroup section */
		74135161298A3E18003AE97D /* Views */ = {
			isa = PBXGroup;
			children = (
				74170972299D5EC2002B2CF0 /* TabBar */,
				74170970299D5E89002B2CF0 /* Map */,
				74F67CD0298D45AA0095D13A /* SettingsView.swift */,
				74F67CCE298D459B0095D13A /* ChatView.swift */,
				74F67CD4298D46230095D13A /* LogView */,
			);
			path = Views;
			sourceTree = "<group>";
		};
		741709642994E652002B2CF0 /* Models */ = {
			isa = PBXGroup;
			children = (
				7417096B2994EDD1002B2CF0 /* Users.swift */,
			);
			path = Models;
			sourceTree = "<group>";
		};
		74170970299D5E89002B2CF0 /* Map */ = {
			isa = PBXGroup;
			children = (
				74F67CCC298D458B0095D13A /* MapView.swift */,
				74170973299D5F05002B2CF0 /* UsersMapView.swift */,
				74170975299D6643002B2CF0 /* UsersViewModel.swift */,
			);
			path = Map;
			sourceTree = "<group>";
		};
		74170972299D5EC2002B2CF0 /* TabBar */ = {
			isa = PBXGroup;
			children = (
				74E1A19B298D0D35001242F7 /* NavigationView.swift */,
			);
			path = TabBar;
			sourceTree = "<group>";
		};
		74811CC42987E3EA007CFEDE = {
			isa = PBXGroup;
			children = (
				74811CCF2987E3EA007CFEDE /* Family365 */,
				74811CE02987E3ED007CFEDE /* Family365Tests */,
				74811CEA2987E3ED007CFEDE /* Family365UITests */,
				74811CCE2987E3EA007CFEDE /* Products */,
			);
			sourceTree = "<group>";
		};
		74811CCE2987E3EA007CFEDE /* Products */ = {
			isa = PBXGroup;
			children = (
				74811CCD2987E3EA007CFEDE /* Family365.app */,
				74811CDD2987E3ED007CFEDE /* Family365Tests.xctest */,
				74811CE72987E3ED007CFEDE /* Family365UITests.xctest */,
			);
			name = Products;
			sourceTree = "<group>";
		};
		74811CCF2987E3EA007CFEDE /* Family365 */ = {
			isa = PBXGroup;
			children = (
				741709642994E652002B2CF0 /* Models */,
				74E1A19E298D0D73001242F7 /* Manager */,
				74135161298A3E18003AE97D /* Views */,
				74811CD02987E3EA007CFEDE /* Family365App.swift */,
				74811CD42987E3ED007CFEDE /* Assets.xcassets */,
				7466C20E29A26795005F006A /* GoogleService-Info.plist */,
				74811CD62987E3ED007CFEDE /* Preview Content */,
			);
			path = Family365;
			sourceTree = "<group>";
		};
		74811CD62987E3ED007CFEDE /* Preview Content */ = {
			isa = PBXGroup;
			children = (
				74811CD72987E3ED007CFEDE /* Preview Assets.xcassets */,
			);
			path = "Preview Content";
			sourceTree = "<group>";
		};
		74811CE02987E3ED007CFEDE /* Family365Tests */ = {
			isa = PBXGroup;
			children = (
				74811CE12987E3ED007CFEDE /* Family365Tests.swift */,
			);
			path = Family365Tests;
			sourceTree = "<group>";
		};
		74811CEA2987E3ED007CFEDE /* Family365UITests */ = {
			isa = PBXGroup;
			children = (
				74811CEB2987E3ED007CFEDE /* Family365UITests.swift */,
				74811CED2987E3ED007CFEDE /* Family365UITestsLaunchTests.swift */,
			);
			path = Family365UITests;
			sourceTree = "<group>";
		};
		74E1A19E298D0D73001242F7 /* Manager */ = {
			isa = PBXGroup;
			children = (
				7417096E299D5952002B2CF0 /* UserCheck.swift */,
			);
			path = Manager;
			sourceTree = "<group>";
		};
		74F67CD4298D46230095D13A /* LogView */ = {
			isa = PBXGroup;
			children = (
				74135162298A3E47003AE97D /* RegisterView.swift */,
				74811CD22987E3EA007CFEDE /* LoginView.swift */,
			);
			path = LogView;
			sourceTree = "<group>";
		};
/* End PBXGroup section */

/* Begin PBXNativeTarget section */
		74811CCC2987E3EA007CFEDE /* Family365 */ = {
			isa = PBXNativeTarget;
			buildConfigurationList = 74811CF12987E3ED007CFEDE /* Build configuration list for PBXNativeTarget "Family365" */;
			buildPhases = (
				74811CC92987E3EA007CFEDE /* Sources */,
				74811CCA2987E3EA007CFEDE /* Frameworks */,
				74811CCB2987E3EA007CFEDE /* Resources */,
			);
			buildRules = (
			);
			dependencies = (
			);
			name = Family365;
			packageProductDependencies = (
				74E1A192298CFD8B001242F7 /* FirebaseAuth */,
				74E1A194298CFD8B001242F7 /* FirebaseFirestore */,
				74E1A196298CFD8B001242F7 /* FirebaseStorage */,
			);
			productName = Family365;
			productReference = 74811CCD2987E3EA007CFEDE /* Family365.app */;
			productType = "com.apple.product-type.application";
		};
		74811CDC2987E3ED007CFEDE /* Family365Tests */ = {
			isa = PBXNativeTarget;
			buildConfigurationList = 74811CF42987E3ED007CFEDE /* Build configuration list for PBXNativeTarget "Family365Tests" */;
			buildPhases = (
				74811CD92987E3ED007CFEDE /* Sources */,
				74811CDA2987E3ED007CFEDE /* Frameworks */,
				74811CDB2987E3ED007CFEDE /* Resources */,
			);
			buildRules = (
			);
			dependencies = (
				74811CDF2987E3ED007CFEDE /* PBXTargetDependency */,
			);
			name = Family365Tests;
			productName = Family365Tests;
			productReference = 74811CDD2987E3ED007CFEDE /* Family365Tests.xctest */;
			productType = "com.apple.product-type.bundle.unit-test";
		};
		74811CE62987E3ED007CFEDE /* Family365UITests */ = {
			isa = PBXNativeTarget;
			buildConfigurationList = 74811CF72987E3ED007CFEDE /* Build configuration list for PBXNativeTarget "Family365UITests" */;
			buildPhases = (
				74811CE32987E3ED007CFEDE /* Sources */,
				74811CE42987E3ED007CFEDE /* Frameworks */,
				74811CE52987E3ED007CFEDE /* Resources */,
			);
			buildRules = (
			);
			dependencies = (
				74811CE92987E3ED007CFEDE /* PBXTargetDependency */,
			);
			name = Family365UITests;
			productName = Family365UITests;
			productReference = 74811CE72987E3ED007CFEDE /* Family365UITests.xctest */;
			productType = "com.apple.product-type.bundle.ui-testing";
		};
/* End PBXNativeTarget section */

/* Begin PBXProject section */
		74811CC52987E3EA007CFEDE /* Project object */ = {
			isa = PBXProject;
			attributes = {
				BuildIndependentTargetsInParallel = 1;
				LastSwiftUpdateCheck = 1320;
				LastUpgradeCheck = 1320;
				TargetAttributes = {
					74811CCC2987E3EA007CFEDE = {
						CreatedOnToolsVersion = 13.2.1;
					};
					74811CDC2987E3ED007CFEDE = {
						CreatedOnToolsVersion = 13.2.1;
						TestTargetID = 74811CCC2987E3EA007CFEDE;
					};
					74811CE62987E3ED007CFEDE = {
						CreatedOnToolsVersion = 13.2.1;
						TestTargetID = 74811CCC2987E3EA007CFEDE;
					};
				};
			};
			buildConfigurationList = 74811CC82987E3EA007CFEDE /* Build configuration list for PBXProject "Family365" */;
			compatibilityVersion = "Xcode 13.0";
			developmentRegion = en;
			hasScannedForEncodings = 0;
			knownRegions = (
				en,
				Base,
			);
			mainGroup = 74811CC42987E3EA007CFEDE;
			packageReferences = (
				74E1A191298CFD8B001242F7 /* XCRemoteSwiftPackageReference "firebase-ios-sdk" */,
			);
			productRefGroup = 74811CCE2987E3EA007CFEDE /* Products */;
			projectDirPath = "";
			projectRoot = "";
			targets = (
				74811CCC2987E3EA007CFEDE /* Family365 */,
				74811CDC2987E3ED007CFEDE /* Family365Tests */,
				74811CE62987E3ED007CFEDE /* Family365UITests */,
			);
		};
/* End PBXProject section */

/* Begin PBXResourcesBuildPhase section */
		74811CCB2987E3EA007CFEDE /* Resources */ = {
			isa = PBXResourcesBuildPhase;
			buildActionMask = 2147483647;
			files = (
				74811CD82987E3ED007CFEDE /* Preview Assets.xcassets in Resources */,
				74811CD52987E3ED007CFEDE /* Assets.xcassets in Resources */,
				7466C20F29A26795005F006A /* GoogleService-Info.plist in Resources */,
			);
			runOnlyForDeploymentPostprocessing = 0;
		};
		74811CDB2987E3ED007CFEDE /* Resources */ = {
			isa = PBXResourcesBuildPhase;
			buildActionMask = 2147483647;
			files = (
			);
			runOnlyForDeploymentPostprocessing = 0;
		};
		74811CE52987E3ED007CFEDE /* Resources */ = {
			isa = PBXResourcesBuildPhase;
			buildActionMask = 2147483647;
			files = (
			);
			runOnlyForDeploymentPostprocessing = 0;
		};
/* End PBXResourcesBuildPhase section */

/* Begin PBXSourcesBuildPhase section */
		74811CC92987E3EA007CFEDE /* Sources */ = {
			isa = PBXSourcesBuildPhase;
			buildActionMask = 2147483647;
			files = (
				74170976299D6643002B2CF0 /* UsersViewModel.swift in Sources */,
				7417096C2994EDD1002B2CF0 /* Users.swift in Sources */,
				74F67CD1298D45AA0095D13A /* SettingsView.swift in Sources */,
				74135163298A3E47003AE97D /* RegisterView.swift in Sources */,
				74811CD32987E3EA007CFEDE /* LoginView.swift in Sources */,
				74170974299D5F05002B2CF0 /* UsersMapView.swift in Sources */,
				74F67CCD298D458B0095D13A /* MapView.swift in Sources */,
				74E1A19C298D0D35001242F7 /* NavigationView.swift in Sources */,
				74F67CCF298D459B0095D13A /* ChatView.swift in Sources */,
				74811CD12987E3EA007CFEDE /* Family365App.swift in Sources */,
				7417096F299D5952002B2CF0 /* UserCheck.swift in Sources */,
			);
			runOnlyForDeploymentPostprocessing = 0;
		};
		74811CD92987E3ED007CFEDE /* Sources */ = {
			isa = PBXSourcesBuildPhase;
			buildActionMask = 2147483647;
			files = (
				74811CE22987E3ED007CFEDE /* Family365Tests.swift in Sources */,
			);
			runOnlyForDeploymentPostprocessing = 0;
		};
		74811CE32987E3ED007CFEDE /* Sources */ = {
			isa = PBXSourcesBuildPhase;
			buildActionMask = 2147483647;
			files = (
				74811CEC2987E3ED007CFEDE /* Family365UITests.swift in Sources */,
				74811CEE2987E3ED007CFEDE /* Family365UITestsLaunchTests.swift in Sources */,
			);
			runOnlyForDeploymentPostprocessing = 0;
		};
/* End PBXSourcesBuildPhase section */

/* Begin PBXTargetDependency section */
		74811CDF2987E3ED007CFEDE /* PBXTargetDependency */ = {
			isa = PBXTargetDependency;
			target = 74811CCC2987E3EA007CFEDE /* Family365 */;
			targetProxy = 74811CDE2987E3ED007CFEDE /* PBXContainerItemProxy */;
		};
		74811CE92987E3ED007CFEDE /* PBXTargetDependency */ = {
			isa = PBXTargetDependency;
			target = 74811CCC2987E3EA007CFEDE /* Family365 */;
			targetProxy = 74811CE82987E3ED007CFEDE /* PBXContainerItemProxy */;
		};
/* End PBXTargetDependency section */

/* Begin XCBuildConfiguration section */
		74811CEF2987E3ED007CFEDE /* Debug */ = {
			isa = XCBuildConfiguration;
			buildSettings = {
				ALWAYS_SEARCH_USER_PATHS = NO;
				CLANG_ANALYZER_NONNULL = YES;
				CLANG_ANALYZER_NUMBER_OBJECT_CONVERSION = YES_AGGRESSIVE;
				CLANG_CXX_LANGUAGE_STANDARD = "gnu++17";
				CLANG_CXX_LIBRARY = "libc++";
				CLANG_ENABLE_MODULES = YES;
				CLANG_ENABLE_OBJC_ARC = YES;
				CLANG_ENABLE_OBJC_WEAK = YES;
				CLANG_WARN_BLOCK_CAPTURE_AUTORELEASING = YES;
				CLANG_WARN_BOOL_CONVERSION = YES;
				CLANG_WARN_COMMA = YES;
				CLANG_WARN_CONSTANT_CONVERSION = YES;
				CLANG_WARN_DEPRECATED_OBJC_IMPLEMENTATIONS = YES;
				CLANG_WARN_DIRECT_OBJC_ISA_USAGE = YES_ERROR;
				CLANG_WARN_DOCUMENTATION_COMMENTS = YES;
				CLANG_WARN_EMPTY_BODY = YES;
				CLANG_WARN_ENUM_CONVERSION = YES;
				CLANG_WARN_INFINITE_RECURSION = YES;
				CLANG_WARN_INT_CONVERSION = YES;
				CLANG_WARN_NON_LITERAL_NULL_CONVERSION = YES;
				CLANG_WARN_OBJC_IMPLICIT_RETAIN_SELF = YES;
				CLANG_WARN_OBJC_LITERAL_CONVERSION = YES;
				CLANG_WARN_OBJC_ROOT_CLASS = YES_ERROR;
				CLANG_WARN_QUOTED_INCLUDE_IN_FRAMEWORK_HEADER = YES;
				CLANG_WARN_RANGE_LOOP_ANALYSIS = YES;
				CLANG_WARN_STRICT_PROTOTYPES = YES;
				CLANG_WARN_SUSPICIOUS_MOVE = YES;
				CLANG_WARN_UNGUARDED_AVAILABILITY = YES_AGGRESSIVE;
				CLANG_WARN_UNREACHABLE_CODE = YES;
				CLANG_WARN__DUPLICATE_METHOD_MATCH = YES;
				COPY_PHASE_STRIP = NO;
				DEBUG_INFORMATION_FORMAT = dwarf;
				ENABLE_STRICT_OBJC_MSGSEND = YES;
				ENABLE_TESTABILITY = YES;
				GCC_C_LANGUAGE_STANDARD = gnu11;
				GCC_DYNAMIC_NO_PIC = NO;
				GCC_NO_COMMON_BLOCKS = YES;
				GCC_OPTIMIZATION_LEVEL = 0;
				GCC_PREPROCESSOR_DEFINITIONS = (
					"DEBUG=1",
					"$(inherited)",
				);
				GCC_WARN_64_TO_32_BIT_CONVERSION = YES;
				GCC_WARN_ABOUT_RETURN_TYPE = YES_ERROR;
				GCC_WARN_UNDECLARED_SELECTOR = YES;
				GCC_WARN_UNINITIALIZED_AUTOS = YES_AGGRESSIVE;
				GCC_WARN_UNUSED_FUNCTION = YES;
				GCC_WARN_UNUSED_VARIABLE = YES;
				IPHONEOS_DEPLOYMENT_TARGET = 15.2;
				MTL_ENABLE_DEBUG_INFO = INCLUDE_SOURCE;
				MTL_FAST_MATH = YES;
				ONLY_ACTIVE_ARCH = YES;
				SDKROOT = iphoneos;
				SWIFT_ACTIVE_COMPILATION_CONDITIONS = DEBUG;
				SWIFT_OPTIMIZATION_LEVEL = "-Onone";
			};
			name = Debug;
		};
		74811CF02987E3ED007CFEDE /* Release */ = {
			isa = XCBuildConfiguration;
			buildSettings = {
				ALWAYS_SEARCH_USER_PATHS = NO;
				CLANG_ANALYZER_NONNULL = YES;
				CLANG_ANALYZER_NUMBER_OBJECT_CONVERSION = YES_AGGRESSIVE;
				CLANG_CXX_LANGUAGE_STANDARD = "gnu++17";
				CLANG_CXX_LIBRARY = "libc++";
				CLANG_ENABLE_MODULES = YES;
				CLANG_ENABLE_OBJC_ARC = YES;
				CLANG_ENABLE_OBJC_WEAK = YES;
				CLANG_WARN_BLOCK_CAPTURE_AUTORELEASING = YES;
				CLANG_WARN_BOOL_CONVERSION = YES;
				CLANG_WARN_COMMA = YES;
				CLANG_WARN_CONSTANT_CONVERSION = YES;
				CLANG_WARN_DEPRECATED_OBJC_IMPLEMENTATIONS = YES;
				CLANG_WARN_DIRECT_OBJC_ISA_USAGE = YES_ERROR;
				CLANG_WARN_DOCUMENTATION_COMMENTS = YES;
				CLANG_WARN_EMPTY_BODY = YES;
				CLANG_WARN_ENUM_CONVERSION = YES;
				CLANG_WARN_INFINITE_RECURSION = YES;
				CLANG_WARN_INT_CONVERSION = YES;
				CLANG_WARN_NON_LITERAL_NULL_CONVERSION = YES;
				CLANG_WARN_OBJC_IMPLICIT_RETAIN_SELF = YES;
				CLANG_WARN_OBJC_LITERAL_CONVERSION = YES;
				CLANG_WARN_OBJC_ROOT_CLASS = YES_ERROR;
				CLANG_WARN_QUOTED_INCLUDE_IN_FRAMEWORK_HEADER = YES;
				CLANG_WARN_RANGE_LOOP_ANALYSIS = YES;
				CLANG_WARN_STRICT_PROTOTYPES = YES;
				CLANG_WARN_SUSPICIOUS_MOVE = YES;
				CLANG_WARN_UNGUARDED_AVAILABILITY = YES_AGGRESSIVE;
				CLANG_WARN_UNREACHABLE_CODE = YES;
				CLANG_WARN__DUPLICATE_METHOD_MATCH = YES;
				COPY_PHASE_STRIP = NO;
				DEBUG_INFORMATION_FORMAT = "dwarf-with-dsym";
				ENABLE_NS_ASSERTIONS = NO;
				ENABLE_STRICT_OBJC_MSGSEND = YES;
				GCC_C_LANGUAGE_STANDARD = gnu11;
				GCC_NO_COMMON_BLOCKS = YES;
				GCC_WARN_64_TO_32_BIT_CONVERSION = YES;
				GCC_WARN_ABOUT_RETURN_TYPE = YES_ERROR;
				GCC_WARN_UNDECLARED_SELECTOR = YES;
				GCC_WARN_UNINITIALIZED_AUTOS = YES_AGGRESSIVE;
				GCC_WARN_UNUSED_FUNCTION = YES;
				GCC_WARN_UNUSED_VARIABLE = YES;
				IPHONEOS_DEPLOYMENT_TARGET = 15.2;
				MTL_ENABLE_DEBUG_INFO = NO;
				MTL_FAST_MATH = YES;
				SDKROOT = iphoneos;
				SWIFT_COMPILATION_MODE = wholemodule;
				SWIFT_OPTIMIZATION_LEVEL = "-O";
				VALIDATE_PRODUCT = YES;
			};
			name = Release;
		};
		74811CF22987E3ED007CFEDE /* Debug */ = {
			isa = XCBuildConfiguration;
			buildSettings = {
				ASSETCATALOG_COMPILER_APPICON_NAME = AppIcon;
				ASSETCATALOG_COMPILER_GLOBAL_ACCENT_COLOR_NAME = AccentColor;
				CODE_SIGN_STYLE = Automatic;
				CURRENT_PROJECT_VERSION = 1;
				DEVELOPMENT_ASSET_PATHS = "\"Family365/Preview Content\"";
				DEVELOPMENT_TEAM = 32PU5X299W;
				ENABLE_PREVIEWS = YES;
				GENERATE_INFOPLIST_FILE = YES;
				INFOPLIST_KEY_NSLocationWhenInUseUsageDescription = "This app needs yout location to show it on the map.";
				INFOPLIST_KEY_UIApplicationSceneManifest_Generation = YES;
				INFOPLIST_KEY_UIApplicationSupportsIndirectInputEvents = YES;
				INFOPLIST_KEY_UILaunchScreen_Generation = YES;
				INFOPLIST_KEY_UISupportedInterfaceOrientations = "";
				INFOPLIST_KEY_UISupportedInterfaceOrientations_iPad = "UIInterfaceOrientationPortrait UIInterfaceOrientationPortraitUpsideDown UIInterfaceOrientationLandscapeLeft UIInterfaceOrientationLandscapeRight";
				INFOPLIST_KEY_UISupportedInterfaceOrientations_iPhone = "UIInterfaceOrientationPortrait UIInterfaceOrientationLandscapeLeft UIInterfaceOrientationLandscapeRight";
				IPHONEOS_DEPLOYMENT_TARGET = 15.2;
				LD_RUNPATH_SEARCH_PATHS = (
					"$(inherited)",
					"@executable_path/Frameworks",
				);
				MARKETING_VERSION = 1.0;
				PRODUCT_BUNDLE_IDENTIFIER = com.example.Family365;
				PRODUCT_NAME = "$(TARGET_NAME)";
				SWIFT_EMIT_LOC_STRINGS = YES;
				SWIFT_VERSION = 5.0;
				TARGETED_DEVICE_FAMILY = "1,2";
			};
			name = Debug;
		};
		74811CF32987E3ED007CFEDE /* Release */ = {
			isa = XCBuildConfiguration;
			buildSettings = {
				ASSETCATALOG_COMPILER_APPICON_NAME = AppIcon;
				ASSETCATALOG_COMPILER_GLOBAL_ACCENT_COLOR_NAME = AccentColor;
				CODE_SIGN_STYLE = Automatic;
				CURRENT_PROJECT_VERSION = 1;
				DEVELOPMENT_ASSET_PATHS = "\"Family365/Preview Content\"";
				DEVELOPMENT_TEAM = 32PU5X299W;
				ENABLE_PREVIEWS = YES;
				GENERATE_INFOPLIST_FILE = YES;
				INFOPLIST_KEY_NSLocationWhenInUseUsageDescription = "This app needs yout location to show it on the map.";
				INFOPLIST_KEY_UIApplicationSceneManifest_Generation = YES;
				INFOPLIST_KEY_UIApplicationSupportsIndirectInputEvents = YES;
				INFOPLIST_KEY_UILaunchScreen_Generation = YES;
				INFOPLIST_KEY_UISupportedInterfaceOrientations = "";
				INFOPLIST_KEY_UISupportedInterfaceOrientations_iPad = "UIInterfaceOrientationPortrait UIInterfaceOrientationPortraitUpsideDown UIInterfaceOrientationLandscapeLeft UIInterfaceOrientationLandscapeRight";
				INFOPLIST_KEY_UISupportedInterfaceOrientations_iPhone = "UIInterfaceOrientationPortrait UIInterfaceOrientationLandscapeLeft UIInterfaceOrientationLandscapeRight";
				IPHONEOS_DEPLOYMENT_TARGET = 15.2;
				LD_RUNPATH_SEARCH_PATHS = (
					"$(inherited)",
					"@executable_path/Frameworks",
				);
				MARKETING_VERSION = 1.0;
				PRODUCT_BUNDLE_IDENTIFIER = com.example.Family365;
				PRODUCT_NAME = "$(TARGET_NAME)";
				SWIFT_EMIT_LOC_STRINGS = YES;
				SWIFT_VERSION = 5.0;
				TARGETED_DEVICE_FAMILY = "1,2";
			};
			name = Release;
		};
		74811CF52987E3ED007CFEDE /* Debug */ = {
			isa = XCBuildConfiguration;
			buildSettings = {
				ALWAYS_EMBED_SWIFT_STANDARD_LIBRARIES = YES;
				BUNDLE_LOADER = "$(TEST_HOST)";
				CODE_SIGN_STYLE = Automatic;
				CURRENT_PROJECT_VERSION = 1;
				DEVELOPMENT_TEAM = 32PU5X299W;
				GENERATE_INFOPLIST_FILE = YES;
				IPHONEOS_DEPLOYMENT_TARGET = 15.2;
				MARKETING_VERSION = 1.0;
				PRODUCT_BUNDLE_IDENTIFIER = com.example.Family365Tests;
				PRODUCT_NAME = "$(TARGET_NAME)";
				SWIFT_EMIT_LOC_STRINGS = NO;
				SWIFT_VERSION = 5.0;
				TARGETED_DEVICE_FAMILY = "1,2";
				TEST_HOST = "$(BUILT_PRODUCTS_DIR)/Family365.app/Family365";
			};
			name = Debug;
		};
		74811CF62987E3ED007CFEDE /* Release */ = {
			isa = XCBuildConfiguration;
			buildSettings = {
				ALWAYS_EMBED_SWIFT_STANDARD_LIBRARIES = YES;
				BUNDLE_LOADER = "$(TEST_HOST)";
				CODE_SIGN_STYLE = Automatic;
				CURRENT_PROJECT_VERSION = 1;
				DEVELOPMENT_TEAM = 32PU5X299W;
				GENERATE_INFOPLIST_FILE = YES;
				IPHONEOS_DEPLOYMENT_TARGET = 15.2;
				MARKETING_VERSION = 1.0;
				PRODUCT_BUNDLE_IDENTIFIER = com.example.Family365Tests;
				PRODUCT_NAME = "$(TARGET_NAME)";
				SWIFT_EMIT_LOC_STRINGS = NO;
				SWIFT_VERSION = 5.0;
				TARGETED_DEVICE_FAMILY = "1,2";
				TEST_HOST = "$(BUILT_PRODUCTS_DIR)/Family365.app/Family365";
			};
			name = Release;
		};
		74811CF82987E3ED007CFEDE /* Debug */ = {
			isa = XCBuildConfiguration;
			buildSettings = {
				ALWAYS_EMBED_SWIFT_STANDARD_LIBRARIES = YES;
				CODE_SIGN_STYLE = Automatic;
				CURRENT_PROJECT_VERSION = 1;
				DEVELOPMENT_TEAM = 32PU5X299W;
				GENERATE_INFOPLIST_FILE = YES;
				MARKETING_VERSION = 1.0;
				PRODUCT_BUNDLE_IDENTIFIER = com.example.Family365UITests;
				PRODUCT_NAME = "$(TARGET_NAME)";
				SWIFT_EMIT_LOC_STRINGS = NO;
				SWIFT_VERSION = 5.0;
				TARGETED_DEVICE_FAMILY = "1,2";
				TEST_TARGET_NAME = Family365;
			};
			name = Debug;
		};
		74811CF92987E3ED007CFEDE /* Release */ = {
			isa = XCBuildConfiguration;
			buildSettings = {
				ALWAYS_EMBED_SWIFT_STANDARD_LIBRARIES = YES;
				CODE_SIGN_STYLE = Automatic;
				CURRENT_PROJECT_VERSION = 1;
				DEVELOPMENT_TEAM = 32PU5X299W;
				GENERATE_INFOPLIST_FILE = YES;
				MARKETING_VERSION = 1.0;
				PRODUCT_BUNDLE_IDENTIFIER = com.example.Family365UITests;
				PRODUCT_NAME = "$(TARGET_NAME)";
				SWIFT_EMIT_LOC_STRINGS = NO;
				SWIFT_VERSION = 5.0;
				TARGETED_DEVICE_FAMILY = "1,2";
				TEST_TARGET_NAME = Family365;
			};
			name = Release;
		};
/* End XCBuildConfiguration section */

/* Begin XCConfigurationList section */
		74811CC82987E3EA007CFEDE /* Build configuration list for PBXProject "Family365" */ = {
			isa = XCConfigurationList;
			buildConfigurations = (
				74811CEF2987E3ED007CFEDE /* Debug */,
				74811CF02987E3ED007CFEDE /* Release */,
			);
			defaultConfigurationIsVisible = 0;
			defaultConfigurationName = Release;
		};
		74811CF12987E3ED007CFEDE /* Build configuration list for PBXNativeTarget "Family365" */ = {
			isa = XCConfigurationList;
			buildConfigurations = (
				74811CF22987E3ED007CFEDE /* Debug */,
				74811CF32987E3ED007CFEDE /* Release */,
			);
			defaultConfigurationIsVisible = 0;
			defaultConfigurationName = Release;
		};
		74811CF42987E3ED007CFEDE /* Build configuration list for PBXNativeTarget "Family365Tests" */ = {
			isa = XCConfigurationList;
			buildConfigurations = (
				74811CF52987E3ED007CFEDE /* Debug */,
				74811CF62987E3ED007CFEDE /* Release */,
			);
			defaultConfigurationIsVisible = 0;
			defaultConfigurationName = Release;
		};
		74811CF72987E3ED007CFEDE /* Build configuration list for PBXNativeTarget "Family365UITests" */ = {
			isa = XCConfigurationList;
			buildConfigurations = (
				74811CF82987E3ED007CFEDE /* Debug */,
				74811CF92987E3ED007CFEDE /* Release */,
			);
			defaultConfigurationIsVisible = 0;
			defaultConfigurationName = Release;
		};
/* End XCConfigurationList section */

/* Begin XCRemoteSwiftPackageReference section */
		74E1A191298CFD8B001242F7 /* XCRemoteSwiftPackageReference "firebase-ios-sdk" */ = {
			isa = XCRemoteSwiftPackageReference;
			repositoryURL = "https://github.com/firebase/firebase-ios-sdk.git";
			requirement = {
				kind = upToNextMajorVersion;
				minimumVersion = 9.0.0;
			};
		};
/* End XCRemoteSwiftPackageReference section */

/* Begin XCSwiftPackageProductDependency section */
		74E1A192298CFD8B001242F7 /* FirebaseAuth */ = {
			isa = XCSwiftPackageProductDependency;
			package = 74E1A191298CFD8B001242F7 /* XCRemoteSwiftPackageReference "firebase-ios-sdk" */;
			productName = FirebaseAuth;
		};
		74E1A194298CFD8B001242F7 /* FirebaseFirestore */ = {
			isa = XCSwiftPackageProductDependency;
			package = 74E1A191298CFD8B001242F7 /* XCRemoteSwiftPackageReference "firebase-ios-sdk" */;
			productName = FirebaseFirestore;
		};
		74E1A196298CFD8B001242F7 /* FirebaseStorage */ = {
			isa = XCSwiftPackageProductDependency;
			package = 74E1A191298CFD8B001242F7 /* XCRemoteSwiftPackageReference "firebase-ios-sdk" */;
			productName = FirebaseStorage;
		};
/* End XCSwiftPackageProductDependency section */
	};
	rootObject = 74811CC52987E3EA007CFEDE /* Project object */;
}
